{
  "name": "ra-studio-mailer",
  "version": "0.1.0",
  "lockfileVersion": 3,
  "requires": true,
  "packages": {
    "": {
      "name": "ra-studio-mailer",
      "version": "0.1.0",
      "dependencies": {
        "nodemailer": "10.0.10",
        "smtp-server": "3.19.13"
      },
      "devDependencies": {
        "mailauth": "5.0.3"
      },
      "engines": {
        "node": ">=22.13.0"
      }
    },
    "node_modules/@hapi/address": {
      "version": "5.1.1",
      "resolved": "https://registry.npmjs.org/@hapi/address/-/address-5.1.1.tgz",
      "integrity": "sha512-A+po2d/dVoY7cYajycYI43ZbYMXukuopIsqCjh5QzsBCipDtdofHntljDlpccMjIfTy6UOkg+5KPriwYch2bXA==",
      "dev": true,
      "license": "BSD-3-Clause",
      "dependencies": {
        "@hapi/hoek": "^11.0.2"
      },
      "engines": {
        "node": ">=14.0.0"
      }
    },
    "node_modules/@hapi/formula": {
      "version": "3.0.2",
      "resolved": "https://registry.npmjs.org/@hapi/formula/-/formula-3.0.2.tgz",
      "integrity": "sha512-hY5YPNXzw1He7s0iqkRQi+uMGh383CGdyyIGYtB+W5N3KHPXoqychklvHhKCC9M3Xtv0OCs/IHw+r4dcHtBYWw==",
      "dev": true,
      "license": "BSD-3-Clause"
    },
    "node_modules/@hapi/hoek": {
      "version": "11.0.7",
      "resolved": "https://registry.npmjs.org/@hapi/hoek/-/hoek-11.0.7.tgz",
      "integrity": "sha512-HV5undWkKzcB4RZUusqOpcgxOaq6VOAH7zhhIr2g3G8NF/MlFO75SjOr2NfuSx0Mh40+1FqCkagKLJRykUWoFQ==",
      "dev": true,
      "license": "BSD-3-Clause"
    },
    "node_modules/@hapi/pinpoint": {
      "version": "2.0.1",
      "resolved": "https://registry.npmjs.org/@hapi/pinpoint/-/pinpoint-2.0.1.tgz",
      "integrity": "sha512-EKQmr16tM8s16vTT3cA5L0kZZcTMU5DUOZTuvpnY738m+jyP3JIUj+Mm1xc1rsLkGBQ/gVnfKYPwOmPg1tUR4Q==",
      "dev": true,
      "license": "BSD-3-Clause"
    },
    "node_modules/@hapi/tlds": {
      "version": "1.1.7",
      "resolved": "https://registry.npmjs.org/@hapi/tlds/-/tlds-1.1.7.tgz",
      "integrity": "sha512-MgNjRwy9Ti92yVAixLmDc8dd1bJIKwO9qlWCfFQRwRmUEDPQHYn4G6hwPFvFGUTzAa0FsS+inMjLin7GnyBRhA==",
      "dev": true,
      "license": "BSD-3-Clause",
      "engines": {
        "node": ">=14.0.0"
      }
    },
    "node_modules/@hapi/topo": {
      "version": "6.0.2",
      "resolved": "https://registry.npmjs.org/@hapi/topo/-/topo-6.0.2.tgz",
      "integrity": "sha512-KR3rD5inZbGMrHmgPxsJ9dbi6zEK+C3ZwUwTa+eMwWLz7oijWUTWD2pMSNNYJAU6Qq+65NkxXjqHr/7LM2Xkqg==",
      "dev": true,
      "license": "BSD-3-Clause",
      "dependencies": {
        "@hapi/hoek": "^11.0.2"
      }
    },
    "node_modules/@nodable/entities": {
      "version": "3.0.0",
      "resolved": "https://registry.npmjs.org/@nodable/entities/-/entities-3.0.0.tgz",
      "integrity": "sha512-8L9xFeTYKhm49xfIypoe2W5wV1m/3Z58kT+7kR9A8OyFxcPduI4VmxaUMQyKYrRjUoLLSXv6EKKID5Tvj9cUVw==",
      "dev": true,
      "funding": [
        {
          "type": "github",
          "url": "https://github.com/sponsors/nodable"
        }
      ],
      "license": "MIT"
    },
    "node_modules/@peculiar/asn1-schema": {
      "version": "2.8.0",
      "resolved": "https://registry.npmjs.org/@peculiar/asn1-schema/-/asn1-schema-2.8.0.tgz",
      "integrity": "sha512-7YT0U/ze0tF2QOBbE15gKZwy5tvgGyLRiRHLzhlbOpf7BT032oBSd0haZqXn5W6l26WLlu3dyxzjM+2638/z2Q==",
      "dev": true,
      "license": "MIT",
      "dependencies": {
        "@peculiar/utils": "^2.0.2",
        "asn1js": "^3.0.10",
        "tslib": "^2.8.1"
      }
    },
    "node_modules/@peculiar/asn1-x509": {
      "version": "2.8.0",
      "resolved": "https://registry.npmjs.org/@peculiar/asn1-x509/-/asn1-x509-2.8.0.tgz",
      "integrity": "sha512-N0CMuhWUzsWEVq6F1q9X6+VKUnWzSW+cSVg+aPaGGwDdbFoFWTYgin5MHwXgpWd6y9COMBxnfy/Qc+Xc7F0Zwg==",
      "dev": true,
      "license": "MIT",
      "dependencies": {
        "@peculiar/asn1-schema": "^2.8.0",
        "@peculiar/utils": "^2.0.2",
        "asn1js": "^3.0.10",
        "tslib": "^2.8.1"
      }
    },
    "node_modules/@peculiar/asn1-x509-logotype": {
      "version": "2.8.0",
      "resolved": "https://registry.npmjs.org/@peculiar/asn1-x509-logotype/-/asn1-x509-logotype-2.8.0.tgz",
      "integrity": "sha512-79px79a3YB8OnzVh+hbUlJKNaWymsf+im26AsgHnOhZ1859qVR4P0C4JBq/52dF8LXzNfvioqIOew1Xg7l2nDA==",
      "dev": true,
      "license": "MIT",
      "dependencies": {
        "@peculiar/asn1-schema": "^2.8.0",
        "@peculiar/asn1-x509": "^2.8.0",
        "asn1js": "^3.0.10",
        "tslib": "^2.8.1"
      }
    },
    "node_modules/@peculiar/utils": {
      "version": "2.0.3",
      "resolved": "https://registry.npmjs.org/@peculiar/utils/-/utils-2.0.3.tgz",
      "integrity": "sha512-+oL3HPFRIZ1St2K50lWCXiioIgSoxzz7R1J3uF6neO2yl1sgmpgY6XXJH4BdpoDkMWznQTeYF6oWNDZLCdQ4eQ==",
      "dev": true,
      "license": "MIT",
      "dependencies": {
        "tslib": "^2.8.1"
      }
    },
    "node_modules/@postalsys/vmc": {
      "version": "1.1.5",
      "resolved": "https://registry.npmjs.org/@postalsys/vmc/-/vmc-1.1.5.tgz",
      "integrity": "sha512-WwleGWC51o/VWQFTId6xMiO9aqkIVCM7ODy6UWfzFoQ6UzXewsNrm3ANa4HbBcyYaTK6YPvp4Gt0U+1cXLTbzw==",
      "dev": true,
      "license": "MIT",
      "dependencies": {
        "@peculiar/asn1-schema": "2.8.0",
        "@peculiar/asn1-x509": "2.8.0",
        "@peculiar/asn1-x509-logotype": "2.8.0"
      }
    },
    "node_modules/@standard-schema/spec": {
      "version": "1.1.0",
      "resolved": "https://registry.npmjs.org/@standard-schema/spec/-/spec-1.1.0.tgz",
      "integrity": "sha512-l2aFy5jALhniG5HgqrD6jXLi/rUWrKvqN/qJx6yoJsgKhblVd+iqqU4RCXavm/jPityDo5TCvKMnpjKnOriy0w==",
      "dev": true,
      "license": "MIT"
    },
    "node_modules/anynum": {
      "version": "1.0.1",
      "resolved": "https://registry.npmjs.org/anynum/-/anynum-1.0.1.tgz",
      "integrity": "sha512-N6//FLET/tXYNM/F6ABca1oH6fWB+KlTt909Le28WMDBk8oaT4vY17DCrwg2MvmuqUKt3Ni4N5dGJ/EoBgcO6A==",
      "dev": true,
      "funding": [
        {
          "type": "github",
          "url": "https://github.com/sponsors/NaturalIntelligence"
        }
      ],
      "license": "MIT"
    },
    "node_modules/asn1js": {
      "version": "3.0.10",
      "resolved": "https://registry.npmjs.org/asn1js/-/asn1js-3.0.10.tgz",
      "integrity": "sha512-S2s3aOytiKdFRdulw2qPE51MzjzVOisppcVv7jVFR+Kw0kxwvFrDcYA0h7Ndqbmj0HkMIXYWaoj7fli8kgx1eg==",
      "dev": true,
      "license": "BSD-3-Clause",
      "dependencies": {
        "pvtsutils": "^1.3.6",
        "pvutils": "^1.1.5",
        "tslib": "^2.8.1"
      },
      "engines": {
        "node": ">=12.0.0"
      }
    },
    "node_modules/commander": {
      "version": "15.0.0",
      "resolved": "https://registry.npmjs.org/commander/-/commander-15.0.0.tgz",
      "integrity": "sha512-z67u4ZhzCL/Tydu1lJARtEZYWbWaN7oYLHbsuzocr6y4N6WZAagG3RQ4FW61V1/0+jImpj293XfrcYnd1qxtPg==",
      "dev": true,
      "license": "MIT",
      "engines": {
        "node": ">=22.12.0"
      }
    },
    "node_modules/encoding-japanese": {
      "version": "2.2.0",
      "resolved": "https://registry.npmjs.org/encoding-japanese/-/encoding-japanese-2.2.0.tgz",
      "integrity": "sha512-EuJWwlHPZ1LbADuKTClvHtwbaFn4rOD+dRAbWysqEOXRc2Uui0hJInNJrsdH0c+OhJA4nrCBdSkW4DD5YxAo6A==",
      "dev": true,
      "license": "MIT",
      "engines": {
        "node": ">=8.10.0"
      }
    },
    "node_modules/fast-xml-builder": {
      "version": "1.3.1",
      "resolved": "https://registry.npmjs.org/fast-xml-builder/-/fast-xml-builder-1.3.1.tgz",
      "integrity": "sha512-pIM/1n3ntFXKYrUZwW7QCK0gAW7XY+wzj1YMIV3tLDvPj/V+zTGJK5e3/4WJfwj0qWw2ElNXiTixda/R+3YSug==",
      "dev": true,
      "funding": [
        {
          "type": "github",
          "url": "https://github.com/sponsors/NaturalIntelligence"
        }
      ],
      "license": "MIT",
      "dependencies": {
        "path-expression-matcher": "^1.6.2",
        "xml-naming": "^0.3.0"
      }
    },
    "node_modules/fast-xml-parser": {
      "version": "5.10.1",
      "resolved": "https://registry.npmjs.org/fast-xml-parser/-/fast-xml-parser-5.10.1.tgz",
      "integrity": "sha512-IEMIf7298kXuZSRFoGfMYrl7is8LpavODgbNz1cwIudv7KwVFnuU+UsMporfq6PD6aXSlawZlARiA3UywCTfMw==",
      "dev": true,
      "funding": [
        {
          "type": "github",
          "url": "https://github.com/sponsors/NaturalIntelligence"
        }
      ],
      "license": "MIT",
      "dependencies": {
        "@nodable/entities": "^3.0.0",
        "fast-xml-builder": "^1.2.0",
        "is-unsafe": "^2.0.0",
        "path-expression-matcher": "^1.6.2",
        "strnum": "^2.4.1",
        "xml-naming": "^0.3.0"
      },
      "bin": {
        "fxparser": "src/cli/cli.js"
      }
    },
    "node_modules/iconv-lite": {
      "version": "0.7.3",
      "resolved": "https://registry.npmjs.org/iconv-lite/-/iconv-lite-0.7.3.tgz",
      "integrity": "sha512-IKXpvIzjnC9XTAUbVBcMfGS0EPaIXtW6v+zr+RRp+hqULEpo0owZax6wyRwPOJbWbzjYspQwusTsfVr0ifh4uQ==",
      "dev": true,
      "license": "MIT",
      "dependencies": {
        "safer-buffer": ">= 2.1.2 < 3.0.0"
      },
      "engines": {
        "node": ">=0.10.0"
      },
      "funding": {
        "type": "opencollective",
        "url": "https://opencollective.com/express"
      }
    },
    "node_modules/ipaddr.js": {
      "version": "2.5.0",
      "resolved": "https://registry.npmjs.org/ipaddr.js/-/ipaddr.js-2.5.0.tgz",
      "integrity": "sha512-aq+t5NAc+cS6rZQQVWC2x98CPqGtKKTMDd4Gaodv0wShnItdKg/51djkGJ1hqH+Oy0ivDftCbSLCQob8zso01w==",
      "dev": true,
      "license": "MIT",
      "engines": {
        "node": ">= 10"
      }
    },
    "node_modules/ipv6-normalize": {
      "version": "1.0.1",
      "resolved": "https://registry.npmjs.org/ipv6-normalize/-/ipv6-normalize-1.0.1.tgz",
      "integrity": "sha512-Bm6H79i01DjgGTCWjUuCjJ6QDo1HB96PT/xCYuyJUP9WFbVDrLSbG4EZCvOCun2rNswZb0c3e4Jt/ws795esHA==",
      "license": "MIT"
    },
    "node_modules/is-unsafe": {
      "version": "2.0.2",
      "resolved": "https://registry.npmjs.org/is-unsafe/-/is-unsafe-2.0.2.tgz",
      "integrity": "sha512-HgbIHPBH0KHHCcjLfGsCvhtPTVxjaAZlXjwdz7/GQC40SjSe4sfQsar8J5VFo8JOSbarkpV0OLG95bbaNd9aAQ==",
      "dev": true,
      "funding": [
        {
          "type": "github",
          "url": "https://github.com/sponsors/NaturalIntelligence"
        }
      ],
      "license": "MIT"
    },
    "node_modules/joi": {
      "version": "18.2.9",
      "resolved": "https://registry.npmjs.org/joi/-/joi-18.2.9.tgz",
      "integrity": "sha512-2mD929bUVKUhOLQQEVhlf6EZ0Mlo0DeRb5MO7cViR9AXLtBauuccEtB1py9Ocxpo/P7ucnh442iY/iOwrh3IQw==",
      "dev": true,
      "license": "BSD-3-Clause",
      "dependencies": {
        "@hapi/address": "^5.1.1",
        "@hapi/formula": "^3.0.2",
        "@hapi/hoek": "^11.0.7",
        "@hapi/pinpoint": "^2.0.1",
        "@hapi/tlds": "^1.1.1",
        "@hapi/topo": "^6.0.2",
        "@standard-schema/spec": "^1.1.0"
      },
      "engines": {
        "node": ">= 20"
      }
    },
    "node_modules/libbase64": {
      "version": "1.3.0",
      "resolved": "https://registry.npmjs.org/libbase64/-/libbase64-1.3.0.tgz",
      "integrity": "sha512-GgOXd0Eo6phYgh0DJtjQ2tO8dc0IVINtZJeARPeiIJqge+HdsWSuaDTe8ztQ7j/cONByDZ3zeB325AHiv5O0dg==",
      "dev": true,
      "license": "MIT"
    },
    "node_modules/libmime": {
      "version": "5.4.1",
      "resolved": "https://registry.npmjs.org/libmime/-/libmime-5.4.1.tgz",
      "integrity": "sha512-0wHGhsofo9IdQPenr3BBHXuxcwMq4atFUTsZ9Ogc1OvI5h4rUdDIrBQEN9JHjCXfDMrE59LUMJWsTD82wTYk8A==",
      "dev": true,
      "license": "MIT",
      "dependencies": {
        "encoding-japanese": "2.2.0",
        "iconv-lite": "0.7.3",
        "libbase64": "1.3.0",
        "libqp": "2.1.1"
      }
    },
    "node_modules/libqp": {
      "version": "2.1.1",
      "resolved": "https://registry.npmjs.org/libqp/-/libqp-2.1.1.tgz",
      "integrity": "sha512-0Wd+GPz1O134cP62YU2GTOPNA7Qgl09XwCqM5zpBv87ERCXdfDtyKXvV7c9U22yWJh44QZqBocFnXN11K96qow==",
      "dev": true,
      "license": "MIT"
    },
    "node_modules/mailauth": {
      "version": "5.0.3",
      "resolved": "https://registry.npmjs.org/mailauth/-/mailauth-5.0.3.tgz",
      "integrity": "sha512-eAOpTwU2zKDCOusM6AIxl9ZZqkUWUoyoE+Ax3HzqdPs6R8xL/DqqbjpSFB14DUuBywKfrBLCa7qOE9++1V3h/Q==",
      "dev": true,
      "license": "MIT",
      "dependencies": {
        "@postalsys/vmc": "1.1.5",
        "commander": "15.0.0",
        "fast-xml-parser": "5.10.1",
        "ipaddr.js": "2.5.0",
        "joi": "18.2.3",
        "libmime": "5.4.1",
        "nodemailer": "9.0.4",
        "punycode.js": "2.3.1",
        "tldts": "7.4.10",
        "undici": "8.10.0"
      },
      "bin": {
        "mailauth": "bin/mailauth.js"
      },
      "engines": {
        "node": ">=22.19.0"
      }
    },
    "node_modules/nodemailer": {
      "version": "10.0.10",
      "resolved": "https://registry.npmjs.org/nodemailer/-/nodemailer-10.0.10.tgz",
      "integrity": "sha512-He9XskOFms62SyAKkLu8CcGcYHAo+BSHSsORI8s4PJH8qZgZY4L4lDfvyN0twvmbpyG+eGrxpyBlskj9d9rJ8A==",
      "license": "MIT-0",
      "engines": {
        "node": ">=20.0.0"
      }
    },
    "node_modules/path-expression-matcher": {
      "version": "1.6.2",
      "resolved": "https://registry.npmjs.org/path-expression-matcher/-/path-expression-matcher-1.6.2.tgz",
      "integrity": "sha512-enSlaiat05iasnzmgNxRj8reFdj3puY2QpNgP1aPIaVfT6nn9ICuPoFlKHk8EN22HcwewshO+mN2DGbkCEOtqQ==",
      "dev": true,
      "funding": [
        {
          "type": "github",
          "url": "https://github.com/sponsors/NaturalIntelligence"
        }
      ],
      "license": "MIT",
      "engines": {
        "node": ">=14.0.0"
      }
    },
    "node_modules/punycode.js": {
      "version": "2.3.1",
      "resolved": "https://registry.npmjs.org/punycode.js/-/punycode.js-2.3.1.tgz",
      "integrity": "sha512-uxFIHU0YlHYhDQtV4R9J6a52SLx28BCjT+4ieh7IGbgwVJWO+km431c4yRlREUAsAmt/uMjQUyQHNEPf0M39CA==",
      "license": "MIT",
      "engines": {
        "node": ">=6"
      }
    },
    "node_modules/pvtsutils": {
      "version": "1.3.6",
      "resolved": "https://registry.npmjs.org/pvtsutils/-/pvtsutils-1.3.6.tgz",
      "integrity": "sha512-PLgQXQ6H2FWCaeRak8vvk1GW462lMxB5s3Jm673N82zI4vqtVUPuZdffdZbPDFRoU8kAhItWFtPCWiPpp4/EDg==",
      "dev": true,
      "license": "MIT",
      "dependencies": {
        "tslib": "^2.8.1"
      }
    },
    "node_modules/pvutils": {
      "version": "1.2.0",
      "resolved": "https://registry.npmjs.org/pvutils/-/pvutils-1.2.0.tgz",
      "integrity": "sha512-BbubeCEyTuQjVMakvJQ/Sxbc93F2pwmbsxONT/ZRrwU7Ua38d8unYTwXpTVLAKJ4BDuH9IGztCjQcd/N/39Dvg==",
      "dev": true,
      "license": "MIT",
      "engines": {
        "node": ">=16.0.0"
      }
    },
    "node_modules/safer-buffer": {
      "version": "2.1.2",
      "resolved": "https://registry.npmjs.org/safer-buffer/-/safer-buffer-2.1.2.tgz",
      "integrity": "sha512-YZo3K82SD7Riyi0E1EQPojLz7kpepnSQI9IyPbHHg1XXXevb5dJI7tpyN2ADxGcQbHG7vcyRHk0cbwqcQriUtg==",
      "dev": true,
      "license": "MIT"
    },
    "node_modules/smtp-server": {
      "version": "3.19.13",
      "resolved": "https://registry.npmjs.org/smtp-server/-/smtp-server-3.19.13.tgz",
      "integrity": "sha512-W1CjNcrPqW4+1gUOYRyjPvTOxu7GgKR9+7l50yQBF0GM8v8jpYwheHFCHX7s+p7pYI8iXKQQZiF2Rv2Na/3i2g==",
      "license": "MIT-0",
      "dependencies": {
        "ipv6-normalize": "1.0.1",
        "nodemailer": "10.0.10",
        "punycode.js": "2.3.1"
      },
      "engines": {
        "node": ">=20.0.0"
      }
    },
    "node_modules/strnum": {
      "version": "2.4.2",
      "resolved": "https://registry.npmjs.org/strnum/-/strnum-2.4.2.tgz",
      "integrity": "sha512-rDG3Ah4TV0k1hWvLSzkZtMmLN9+eS+h3knq4MP6A42Y3Yh5qGNnOUs1jJkoSr8FG5dsL28c7KgkIBzSEykqtuw==",
      "dev": true,
      "funding": [
        {
          "type": "github",
          "url": "https://github.com/sponsors/NaturalIntelligence"
        }
      ],
      "license": "MIT",
      "dependencies": {
        "anynum": "^1.0.1"
      }
    },
    "node_modules/tldts": {
      "version": "7.4.10",
      "resolved": "https://registry.npmjs.org/tldts/-/tldts-7.4.10.tgz",
      "integrity": "sha512-GgouD1B+sWwvkaEq8vXC15DjQitxbvs12oIXELpconwm+Tg3zfcEv4jgzq3vtKverDXsg3VI8aRgNL2Nra0Iog==",
      "dev": true,
      "license": "MIT",
      "dependencies": {
        "tldts-core": "^7.4.10"
      },
      "bin": {
        "tldts": "bin/cli.js"
      }
    },
    "node_modules/tldts-core": {
      "version": "7.4.15",
      "resolved": "https://registry.npmjs.org/tldts-core/-/tldts-core-7.4.15.tgz",
      "integrity": "sha512-ERuv0p98XgSzmlSLJr8vDNxX+uATGInlN97V3R+JpYWaSqn5IG3ewWgCwczk4bkOpgth/o8Nt5FOi4B4w0n/1A==",
      "dev": true,
      "license": "MIT"
    },
    "node_modules/tslib": {
      "version": "2.8.1",
      "resolved": "https://registry.npmjs.org/tslib/-/tslib-2.8.1.tgz",
      "integrity": "sha512-oJFu94HQb+KVduSUQL7wnpmqnfmLsOA/nAh6b6EH0wCEoK0/mPeXU6c3wKDV83MkOuHPRHtSXKKU99IBazS/2w==",
      "dev": true,
      "license": "0BSD"
    },
    "node_modules/undici": {
      "version": "8.10.0",
      "resolved": "https://registry.npmjs.org/undici/-/undici-8.10.0.tgz",
      "integrity": "sha512-HvltHd7avK13QIw/oLe4qoOLyoVSoafqJ2jYOrtMRBkbYT31eiBQ8O0ehRKZiEZCMEyLFQNIADpgCWC5fALvYQ==",
      "dev": true,
      "license": "MIT",
      "engines": {
        "node": ">=22.19.0"
      }
    },
    "node_modules/xml-naming": {
      "version": "0.3.0",
      "resolved": "https://registry.npmjs.org/xml-naming/-/xml-naming-0.3.0.tgz",
      "integrity": "sha512-ghig2TBE/H11aOVgmahA3MhimvkBr6JIYknH/Dhdk10nXwdbIqBJsbfMxpvFPG8bAw77gN29aQWvKpmVoPlvPQ==",
      "dev": true,
      "funding": [
        {
          "type": "github",
          "url": "https://github.com/sponsors/NaturalIntelligence"
        }
      ],
      "license": "MIT",
      "engines": {
        "node": ">=16.0.0"
      }
    }
  }
}
